
Microsoft Visual Studio Solution File, Format Version 12.00
Project("{F2A71F9B-5D33-465A-A702-920D77279786}") = "mini-crawler", "mini-crawler\mini-crawler.fsproj", "{78ADEFF2-725A-40A4-B6D8-CBFBB6D159B4}"
EndProject
Project("{F2A71F9B-5D33-465A-A702-920D77279786}") = "mini-crawler.tests", "mini-crawler.tests\mini-crawler.tests.fsproj", "{C9F4D511-96E7-454C-A122-BBE55F995553}"
EndProject
Global
	GlobalSection(SolutionConfigurationPlatforms) = preSolution
		Debug|Any CPU = Debug|Any CPU
		Release|Any CPU = Release|Any CPU
	EndGlobalSection
	GlobalSection(ProjectConfigurationPlatforms) = postSolution
		{78ADEFF2-725A-40A4-B6D8-CBFBB6D159B4}.Debug|Any CPU.ActiveCfg = Debug|Any CPU
		{78ADEFF2-725A-40A4-B6D8-CBFBB6D159B4}.Debug|Any CPU.Build.0 = Debug|Any CPU
		{78ADEFF2-725A-40A4-B6D8-CBFBB6D159B4}.Release|Any CPU.ActiveCfg = Release|Any CPU
		{78ADEFF2-725A-40A4-B6D8-CBFBB6D159B4}.Release|Any CPU.Build.0 = Release|Any CPU
		{C9F4D511-96E7-454C-A122-BBE55F995553}.Debug|Any CPU.ActiveCfg = Debug|Any CPU
		{C9F4D511-96E7-454C-A122-BBE55F995553}.Debug|Any CPU.Build.0 = Debug|Any CPU
		{C9F4D511-96E7-454C-A122-BBE55F995553}.Release|Any CPU.ActiveCfg = Release|Any CPU
		{C9F4D511-96E7-454C-A122-BBE55F995553}.Release|Any CPU.Build.0 = Release|Any CPU
	EndGlobalSection
EndGlobal
