
Microsoft Visual Studio Solution File, Format Version 12.00
Project("{F2A71F9B-5D33-465A-A702-920D77279786}") = "task1", "task1\task1.fsproj", "{11ADC237-1C45-43F2-AED6-C094944D2357}"
EndProject
Project("{F2A71F9B-5D33-465A-A702-920D77279786}") = "task4", "task4\task4.fsproj", "{892B5C2D-08AC-4B89-BBF9-8923E9060069}"
EndProject
Project("{F2A71F9B-5D33-465A-A702-920D77279786}") = "task2", "task2\task2.fsproj", "{FD6C2130-7331-43FB-8CD8-C0E7058CA0C0}"
EndProject
Project("{F2A71F9B-5D33-465A-A702-920D77279786}") = "task3", "task3\task3.fsproj", "{61EBC3BA-D3F8-4BE5-BA29-EC1A84AAE9D1}"
EndProject
Global
	GlobalSection(SolutionConfigurationPlatforms) = preSolution
		Debug|Any CPU = Debug|Any CPU
		Release|Any CPU = Release|Any CPU
	EndGlobalSection
	GlobalSection(ProjectConfigurationPlatforms) = postSolution
		{11ADC237-1C45-43F2-AED6-C094944D2357}.Debug|Any CPU.ActiveCfg = Debug|Any CPU
		{11ADC237-1C45-43F2-AED6-C094944D2357}.Debug|Any CPU.Build.0 = Debug|Any CPU
		{11ADC237-1C45-43F2-AED6-C094944D2357}.Release|Any CPU.ActiveCfg = Release|Any CPU
		{11ADC237-1C45-43F2-AED6-C094944D2357}.Release|Any CPU.Build.0 = Release|Any CPU
		{892B5C2D-08AC-4B89-BBF9-8923E9060069}.Debug|Any CPU.ActiveCfg = Debug|Any CPU
		{892B5C2D-08AC-4B89-BBF9-8923E9060069}.Debug|Any CPU.Build.0 = Debug|Any CPU
		{892B5C2D-08AC-4B89-BBF9-8923E9060069}.Release|Any CPU.ActiveCfg = Release|Any CPU
		{892B5C2D-08AC-4B89-BBF9-8923E9060069}.Release|Any CPU.Build.0 = Release|Any CPU
		{FD6C2130-7331-43FB-8CD8-C0E7058CA0C0}.Debug|Any CPU.ActiveCfg = Debug|Any CPU
		{FD6C2130-7331-43FB-8CD8-C0E7058CA0C0}.Debug|Any CPU.Build.0 = Debug|Any CPU
		{FD6C2130-7331-43FB-8CD8-C0E7058CA0C0}.Release|Any CPU.ActiveCfg = Release|Any CPU
		{FD6C2130-7331-43FB-8CD8-C0E7058CA0C0}.Release|Any CPU.Build.0 = Release|Any CPU
		{61EBC3BA-D3F8-4BE5-BA29-EC1A84AAE9D1}.Debug|Any CPU.ActiveCfg = Debug|Any CPU
		{61EBC3BA-D3F8-4BE5-BA29-EC1A84AAE9D1}.Debug|Any CPU.Build.0 = Debug|Any CPU
		{61EBC3BA-D3F8-4BE5-BA29-EC1A84AAE9D1}.Release|Any CPU.ActiveCfg = Release|Any CPU
		{61EBC3BA-D3F8-4BE5-BA29-EC1A84AAE9D1}.Release|Any CPU.Build.0 = Release|Any CPU
	EndGlobalSection
EndGlobal
