
Microsoft Visual Studio Solution File, Format Version 12.00
Project("{F2A71F9B-5D33-465A-A702-920D77279786}") = "task1", "task1\task1.fsproj", "{11ADC237-1C45-43F2-AED6-C094944D2357}"
EndProject
Project("{F2A71F9B-5D33-465A-A702-920D77279786}") = "task2", "task2\task2.fsproj", "{28C5537D-E034-4AFF-8A14-66AFB1572832}"
EndProject
Global
	GlobalSection(SolutionConfigurationPlatforms) = preSolution
		Debug|Any CPU = Debug|Any CPU
		Release|Any CPU = Release|Any CPU
	EndGlobalSection
	GlobalSection(ProjectConfigurationPlatforms) = postSolution
		{11ADC237-1C45-43F2-AED6-C094944D2357}.Debug|Any CPU.ActiveCfg = Debug|Any CPU
		{11ADC237-1C45-43F2-AED6-C094944D2357}.Debug|Any CPU.Build.0 = Debug|Any CPU
		{11ADC237-1C45-43F2-AED6-C094944D2357}.Release|Any CPU.ActiveCfg = Release|Any CPU
		{11ADC237-1C45-43F2-AED6-C094944D2357}.Release|Any CPU.Build.0 = Release|Any CPU
		{28C5537D-E034-4AFF-8A14-66AFB1572832}.Debug|Any CPU.ActiveCfg = Debug|Any CPU
		{28C5537D-E034-4AFF-8A14-66AFB1572832}.Debug|Any CPU.Build.0 = Debug|Any CPU
		{28C5537D-E034-4AFF-8A14-66AFB1572832}.Release|Any CPU.ActiveCfg = Release|Any CPU
		{28C5537D-E034-4AFF-8A14-66AFB1572832}.Release|Any CPU.Build.0 = Release|Any CPU
	EndGlobalSection
EndGlobal
